
Microsoft Visual Studio Solution File, Format Version 12.00
# Visual Studio 15
VisualStudioVersion = 15.0.28010.2036
MinimumVisualStudioVersion = 10.0.40219.1
Project("{FAE04EC0-301F-11D3-BF4B-00C04F79EFBC}") = "RgbDiscordBotConsole", "RgbDiscordBotConsole.csproj", "{B2ED0B42-CEB3-40E1-9427-902EC8EBC950}"
EndProject
Project("{2150E333-8FDC-42A3-9474-1A3956D46DE8}") = "1 Common", "1 Common", "{DE4834FB-F01E-4AF0-9E81-6C8280EE0CBF}"
EndProject
Project("{2150E333-8FDC-42A3-9474-1A3956D46DE8}") = "2 DataAccess", "2 DataAccess", "{DE8A753E-77E4-4C4B-AB97-A608BC8E3B51}"
EndProject
Project("{2150E333-8FDC-42A3-9474-1A3956D46DE8}") = "3 Service", "3 Service", "{2B03C10E-556E-4640-AB28-6D2817084FD9}"
EndProject
Project("{2150E333-8FDC-42A3-9474-1A3956D46DE8}") = "4 Application", "4 Application", "{606BD0FA-10EF-4CBF-847C-D962C80552C5}"
EndProject
Project("{FAE04EC0-301F-11D3-BF4B-00C04F79EFBC}") = "RgbLan.Discord.Common", "RgbLan.Discord.Common\RgbLan.Discord.Common.csproj", "{20D3639B-D29C-4117-AA79-18CFC17774AC}"
EndProject
Project("{FAE04EC0-301F-11D3-BF4B-00C04F79EFBC}") = "RgbLan.DiscordBot.Service", "RgbLan.DiscordBot.Service\RgbLan.DiscordBot.Service.csproj", "{B0CBBA33-B898-40E4-8DE6-4EDD4674846D}"
EndProject
Project("{FAE04EC0-301F-11D3-BF4B-00C04F79EFBC}") = "DataAccess", "DataAccess\DataAccess.csproj", "{1AE449E6-D0D5-405C-A276-478890C890C8}"
EndProject
Project("{FAE04EC0-301F-11D3-BF4B-00C04F79EFBC}") = "RgbLan.DiscordBot.RgbDiscordBotConsole", "..\RgbLan.DiscordBot.RgbDiscordBotConsole\RgbLan.DiscordBot.RgbDiscordBotConsole.csproj", "{385E3812-C06D-4366-80F9-E191470A7EDA}"
EndProject
Global
	GlobalSection(SolutionConfigurationPlatforms) = preSolution
		Debug|Any CPU = Debug|Any CPU
		Release|Any CPU = Release|Any CPU
	EndGlobalSection
	GlobalSection(ProjectConfigurationPlatforms) = postSolution
		{B2ED0B42-CEB3-40E1-9427-902EC8EBC950}.Debug|Any CPU.ActiveCfg = Debug|Any CPU
		{B2ED0B42-CEB3-40E1-9427-902EC8EBC950}.Debug|Any CPU.Build.0 = Debug|Any CPU
		{B2ED0B42-CEB3-40E1-9427-902EC8EBC950}.Release|Any CPU.ActiveCfg = Release|Any CPU
		{B2ED0B42-CEB3-40E1-9427-902EC8EBC950}.Release|Any CPU.Build.0 = Release|Any CPU
		{20D3639B-D29C-4117-AA79-18CFC17774AC}.Debug|Any CPU.ActiveCfg = Debug|Any CPU
		{20D3639B-D29C-4117-AA79-18CFC17774AC}.Debug|Any CPU.Build.0 = Debug|Any CPU
		{20D3639B-D29C-4117-AA79-18CFC17774AC}.Release|Any CPU.ActiveCfg = Release|Any CPU
		{20D3639B-D29C-4117-AA79-18CFC17774AC}.Release|Any CPU.Build.0 = Release|Any CPU
		{B0CBBA33-B898-40E4-8DE6-4EDD4674846D}.Debug|Any CPU.ActiveCfg = Debug|Any CPU
		{B0CBBA33-B898-40E4-8DE6-4EDD4674846D}.Debug|Any CPU.Build.0 = Debug|Any CPU
		{B0CBBA33-B898-40E4-8DE6-4EDD4674846D}.Release|Any CPU.ActiveCfg = Release|Any CPU
		{B0CBBA33-B898-40E4-8DE6-4EDD4674846D}.Release|Any CPU.Build.0 = Release|Any CPU
		{1AE449E6-D0D5-405C-A276-478890C890C8}.Debug|Any CPU.ActiveCfg = Debug|Any CPU
		{1AE449E6-D0D5-405C-A276-478890C890C8}.Debug|Any CPU.Build.0 = Debug|Any CPU
		{1AE449E6-D0D5-405C-A276-478890C890C8}.Release|Any CPU.ActiveCfg = Release|Any CPU
		{1AE449E6-D0D5-405C-A276-478890C890C8}.Release|Any CPU.Build.0 = Release|Any CPU
		{385E3812-C06D-4366-80F9-E191470A7EDA}.Debug|Any CPU.ActiveCfg = Debug|Any CPU
		{385E3812-C06D-4366-80F9-E191470A7EDA}.Debug|Any CPU.Build.0 = Debug|Any CPU
		{385E3812-C06D-4366-80F9-E191470A7EDA}.Release|Any CPU.ActiveCfg = Release|Any CPU
		{385E3812-C06D-4366-80F9-E191470A7EDA}.Release|Any CPU.Build.0 = Release|Any CPU
	EndGlobalSection
	GlobalSection(SolutionProperties) = preSolution
		HideSolutionNode = FALSE
	EndGlobalSection
	GlobalSection(NestedProjects) = preSolution
		{B2ED0B42-CEB3-40E1-9427-902EC8EBC950} = {606BD0FA-10EF-4CBF-847C-D962C80552C5}
		{20D3639B-D29C-4117-AA79-18CFC17774AC} = {DE4834FB-F01E-4AF0-9E81-6C8280EE0CBF}
		{B0CBBA33-B898-40E4-8DE6-4EDD4674846D} = {2B03C10E-556E-4640-AB28-6D2817084FD9}
		{1AE449E6-D0D5-405C-A276-478890C890C8} = {DE8A753E-77E4-4C4B-AB97-A608BC8E3B51}
		{385E3812-C06D-4366-80F9-E191470A7EDA} = {606BD0FA-10EF-4CBF-847C-D962C80552C5}
	EndGlobalSection
	GlobalSection(ExtensibilityGlobals) = postSolution
		SolutionGuid = {4D0234D7-1B69-4089-A55B-D6913E29DCCF}
	EndGlobalSection
EndGlobal
